
Microsoft Visual Studio Solution File, Format Version 12.00
# Visual Studio Version 16
VisualStudioVersion = 16.0.31321.278
MinimumVisualStudioVersion = 10.0.40219.1
Project("{9A19103F-16F7-4668-BE54-9A1E7A4F7556}") = "Id4test", "Id4test\Id4test.csproj", "{3811CB59-EA54-4A11-A409-428EE3BC709A}"
EndProject
Project("{9A19103F-16F7-4668-BE54-9A1E7A4F7556}") = "GrpcService1", "GrpcService1\GrpcService1.csproj", "{4D37150F-E59E-4F87-9081-3A6D97FA5B91}"
EndProject
Project("{9A19103F-16F7-4668-BE54-9A1E7A4F7556}") = "GrpcClient", "GrpcClient\GrpcClient.csproj", "{3CECCF57-BF00-4264-BF4C-6F90B583D737}"
EndProject
Project("{9A19103F-16F7-4668-BE54-9A1E7A4F7556}") = "LogServer", "LogServer\LogServer.csproj", "{6A8E5481-3EA3-4D77-A28E-D558E8B48842}"
EndProject
Project("{9A19103F-16F7-4668-BE54-9A1E7A4F7556}") = "GrpcService2", "GrpcService2\GrpcService2.csproj", "{0E119D84-A2CA-47BB-9B13-B7E74FB16CDD}"
EndProject
Project("{9A19103F-16F7-4668-BE54-9A1E7A4F7556}") = "Server1", "Server1\Server1.csproj", "{50751C24-FCF5-4390-9499-F8E4A729FAFB}"
EndProject
Project("{9A19103F-16F7-4668-BE54-9A1E7A4F7556}") = "Server2", "Server2\Server2.csproj", "{1D40E8F7-BD5C-45F6-A229-7BEDBE8E387F}"
EndProject
Global
	GlobalSection(SolutionConfigurationPlatforms) = preSolution
		Debug|Any CPU = Debug|Any CPU
		Release|Any CPU = Release|Any CPU
	EndGlobalSection
	GlobalSection(ProjectConfigurationPlatforms) = postSolution
		{3811CB59-EA54-4A11-A409-428EE3BC709A}.Debug|Any CPU.ActiveCfg = Debug|Any CPU
		{3811CB59-EA54-4A11-A409-428EE3BC709A}.Debug|Any CPU.Build.0 = Debug|Any CPU
		{3811CB59-EA54-4A11-A409-428EE3BC709A}.Release|Any CPU.ActiveCfg = Release|Any CPU
		{3811CB59-EA54-4A11-A409-428EE3BC709A}.Release|Any CPU.Build.0 = Release|Any CPU
		{4D37150F-E59E-4F87-9081-3A6D97FA5B91}.Debug|Any CPU.ActiveCfg = Debug|Any CPU
		{4D37150F-E59E-4F87-9081-3A6D97FA5B91}.Debug|Any CPU.Build.0 = Debug|Any CPU
		{4D37150F-E59E-4F87-9081-3A6D97FA5B91}.Release|Any CPU.ActiveCfg = Release|Any CPU
		{4D37150F-E59E-4F87-9081-3A6D97FA5B91}.Release|Any CPU.Build.0 = Release|Any CPU
		{3CECCF57-BF00-4264-BF4C-6F90B583D737}.Debug|Any CPU.ActiveCfg = Debug|Any CPU
		{3CECCF57-BF00-4264-BF4C-6F90B583D737}.Debug|Any CPU.Build.0 = Debug|Any CPU
		{3CECCF57-BF00-4264-BF4C-6F90B583D737}.Release|Any CPU.ActiveCfg = Release|Any CPU
		{3CECCF57-BF00-4264-BF4C-6F90B583D737}.Release|Any CPU.Build.0 = Release|Any CPU
		{6A8E5481-3EA3-4D77-A28E-D558E8B48842}.Debug|Any CPU.ActiveCfg = Debug|Any CPU
		{6A8E5481-3EA3-4D77-A28E-D558E8B48842}.Debug|Any CPU.Build.0 = Debug|Any CPU
		{6A8E5481-3EA3-4D77-A28E-D558E8B48842}.Release|Any CPU.ActiveCfg = Release|Any CPU
		{6A8E5481-3EA3-4D77-A28E-D558E8B48842}.Release|Any CPU.Build.0 = Release|Any CPU
		{0E119D84-A2CA-47BB-9B13-B7E74FB16CDD}.Debug|Any CPU.ActiveCfg = Debug|Any CPU
		{0E119D84-A2CA-47BB-9B13-B7E74FB16CDD}.Debug|Any CPU.Build.0 = Debug|Any CPU
		{0E119D84-A2CA-47BB-9B13-B7E74FB16CDD}.Release|Any CPU.ActiveCfg = Release|Any CPU
		{0E119D84-A2CA-47BB-9B13-B7E74FB16CDD}.Release|Any CPU.Build.0 = Release|Any CPU
		{50751C24-FCF5-4390-9499-F8E4A729FAFB}.Debug|Any CPU.ActiveCfg = Debug|Any CPU
		{50751C24-FCF5-4390-9499-F8E4A729FAFB}.Debug|Any CPU.Build.0 = Debug|Any CPU
		{50751C24-FCF5-4390-9499-F8E4A729FAFB}.Release|Any CPU.ActiveCfg = Release|Any CPU
		{50751C24-FCF5-4390-9499-F8E4A729FAFB}.Release|Any CPU.Build.0 = Release|Any CPU
		{1D40E8F7-BD5C-45F6-A229-7BEDBE8E387F}.Debug|Any CPU.ActiveCfg = Debug|Any CPU
		{1D40E8F7-BD5C-45F6-A229-7BEDBE8E387F}.Debug|Any CPU.Build.0 = Debug|Any CPU
		{1D40E8F7-BD5C-45F6-A229-7BEDBE8E387F}.Release|Any CPU.ActiveCfg = Release|Any CPU
		{1D40E8F7-BD5C-45F6-A229-7BEDBE8E387F}.Release|Any CPU.Build.0 = Release|Any CPU
	EndGlobalSection
	GlobalSection(SolutionProperties) = preSolution
		HideSolutionNode = FALSE
	EndGlobalSection
	GlobalSection(ExtensibilityGlobals) = postSolution
		SolutionGuid = {E9CB6A99-1352-4CC3-B036-40CBDCED2C82}
	EndGlobalSection
EndGlobal
